// !$*UTF8*$!
{
	archiveVersion = 1;
	classes = {
	};
	objectVersion = 46;
	objects = {

/* Begin PBXBuildFile section */
		361CA77019FB0A1D00023169 /* AppDelegate.swift in Sources */ = {isa = PBXBuildFile; fileRef = 361CA76F19FB0A1D00023169 /* AppDelegate.swift */; };
		361CA77219FB0A1D00023169 /* ViewController.swift in Sources */ = {isa = PBXBuildFile; fileRef = 361CA77119FB0A1D00023169 /* ViewController.swift */; };
		361CA77519FB0A1D00023169 /* Main.storyboard in Resources */ = {isa = PBXBuildFile; fileRef = 361CA77319FB0A1D00023169 /* Main.storyboard */; };
		361CA77719FB0A1D00023169 /* Images.xcassets in Resources */ = {isa = PBXBuildFile; fileRef = 361CA77619FB0A1D00023169 /* Images.xcassets */; };
		361CA77A19FB0A1D00023169 /* LaunchScreen.xib in Resources */ = {isa = PBXBuildFile; fileRef = 361CA77819FB0A1D00023169 /* LaunchScreen.xib */; };
		361CA78619FB0A1D00023169 /* HelloSwiftTests.swift in Sources */ = {isa = PBXBuildFile; fileRef = 361CA78519FB0A1D00023169 /* HelloSwiftTests.swift */; };
/* End PBXBuildFile section */

/* Begin PBXContainerItemProxy section */
		361CA78019FB0A1D00023169 /* PBXContainerItemProxy */ = {
			isa = PBXContainerItemProxy;
			containerPortal = 361CA76219FB0A1D00023169 /* Project object */;
			proxyType = 1;
			remoteGlobalIDString = 361CA76919FB0A1D00023169;
			remoteInfo = HelloSwift;
		};
/* End PBXContainerItemProxy section */

/* Begin PBXFileReference section */
		361CA76A19FB0A1D00023169 /* HelloSwift.app */ = {isa = PBXFileReference; explicitFileType = wrapper.application; includeInIndex = 0; path = HelloSwift.app; sourceTree = BUILT_PRODUCTS_DIR; };
		361CA76E19FB0A1D00023169 /* Info.plist */ = {isa = PBXFileReference; lastKnownFileType = text.plist.xml; path = Info.plist; sourceTree = "<group>"; };
		361CA76F19FB0A1D00023169 /* AppDelegate.swift */ = {isa = PBXFileReference; lastKnownFileType = sourcecode.swift; path = AppDelegate.swift; sourceTree = "<group>"; };
		361CA77119FB0A1D00023169 /* ViewController.swift */ = {isa = PBXFileReference; lastKnownFileType = sourcecode.swift; path = ViewController.swift; sourceTree = "<group>"; };
		361CA77419FB0A1D00023169 /* Base */ = {isa = PBXFileReference; lastKnownFileType = file.storyboard; name = Base; path = Base.lproj/Main.storyboard; sourceTree = "<group>"; };
		361CA77619FB0A1D00023169 /* Images.xcassets */ = {isa = PBXFileReference; lastKnownFileType = folder.assetcatalog; path = Images.xcassets; sourceTree = "<group>"; };
		361CA77919FB0A1D00023169 /* Base */ = {isa = PBXFileReference; lastKnownFileType = file.xib; name = Base; path = Base.lproj/LaunchScreen.xib; sourceTree = "<group>"; };
		361CA77F19FB0A1D00023169 /* HelloSwiftTests.xctest */ = {isa = PBXFileReference; explicitFileType = wrapper.cfbundle; includeInIndex = 0; path = HelloSwiftTests.xctest; sourceTree = BUILT_PRODUCTS_DIR; };
		361CA78419FB0A1D00023169 /* Info.plist */ = {isa = PBXFileReference; lastKnownFileType = text.plist.xml; path = Info.plist; sourceTree = "<group>"; };
		361CA78519FB0A1D00023169 /* HelloSwiftTests.swift */ = {isa = PBXFileReference; lastKnownFileType = sourcecode.swift; path = HelloSwiftTests.swift; sourceTree = "<group>"; };
/* End PBXFileReference section */

/* Begin PBXFrameworksBuildPhase section */
		361CA76719FB0A1D00023169 /* Frameworks */ = {
			isa = PBXFrameworksBuildPhase;
			buildActionMask = 2147483647;
			files = (
			);
			runOnlyForDeploymentPostprocessing = 0;
		};
		361CA77C19FB0A1D00023169 /* Frameworks */ = {
			isa = PBXFrameworksBuildPhase;
			buildActionMask = 2147483647;
			files = (
			);
			runOnlyForDeploymentPostprocessing = 0;
		};
/* End PBXFrameworksBuildPhase section */

/* Begin PBXGroup section */
		361CA76119FB0A1D00023169 = {
			isa = PBXGroup;
			children = (
				361CA76C19FB0A1D00023169 /* HelloSwift */,
				361CA78219FB0A1D00023169 /* HelloSwiftTests */,
				361CA76B19FB0A1D00023169 /* Products */,
			);
			sourceTree = "<group>";
		};
		361CA76B19FB0A1D00023169 /* Products */ = {
			isa = PBXGroup;
			children = (
				361CA76A19FB0A1D00023169 /* HelloSwift.app */,
				361CA77F19FB0A1D00023169 /* HelloSwiftTests.xctest */,
			);
			name = Products;
			sourceTree = "<group>";
		};
		361CA76C19FB0A1D00023169 /* HelloSwift */ = {
			isa = PBXGroup;
			children = (
				361CA76F19FB0A1D00023169 /* AppDelegate.swift */,
				361CA77119FB0A1D00023169 /* ViewController.swift */,
				361CA77319FB0A1D00023169 /* Main.storyboard */,
				361CA77619FB0A1D00023169 /* Images.xcassets */,
				361CA77819FB0A1D00023169 /* LaunchScreen.xib */,
				361CA76D19FB0A1D00023169 /* Supporting Files */,
			);
			path = HelloSwift;
			sourceTree = "<group>";
		};
		361CA76D19FB0A1D00023169 /* Supporting Files */ = {
			isa = PBXGroup;
			children = (
				361CA76E19FB0A1D00023169 /* Info.plist */,
			);
			name = "Supporting Files";
			sourceTree = "<group>";
		};
		361CA78219FB0A1D00023169 /* HelloSwiftTests */ = {
			isa = PBXGroup;
			children = (
				361CA78519FB0A1D00023169 /* HelloSwiftTests.swift */,
				361CA78319FB0A1D00023169 /* Supporting Files */,
			);
			path = HelloSwiftTests;
			sourceTree = "<group>";
		};
		361CA78319FB0A1D00023169 /* Supporting Files */ = {
			isa = PBXGroup;
			children = (
				361CA78419FB0A1D00023169 /* Info.plist */,
			);
			name = "Supporting Files";
			sourceTree = "<group>";
		};
/* End PBXGroup section */

/* Begin PBXNativeTarget section */
		361CA76919FB0A1D00023169 /* HelloSwift */ = {
			isa = PBXNativeTarget;
			buildConfigurationList = 361CA78919FB0A1D00023169 /* Build configuration list for PBXNativeTarget "HelloSwift" */;
			buildPhases = (
				361CA76619FB0A1D00023169 /* Sources */,
				361CA76719FB0A1D00023169 /* Frameworks */,
				361CA76819FB0A1D00023169 /* Resources */,
			);
			buildRules = (
			);
			dependencies = (
			);
			name = HelloSwift;
			productName = HelloSwift;
			productReference = 361CA76A19FB0A1D00023169 /* HelloSwift.app */;
			productType = "com.apple.product-type.application";
		};
		361CA77E19FB0A1D00023169 /* HelloSwiftTests */ = {
			isa = PBXNativeTarget;
			buildConfigurationList = 361CA78C19FB0A1D00023169 /* Build configuration list for PBXNativeTarget "HelloSwiftTests" */;
			buildPhases = (
				361CA77B19FB0A1D00023169 /* Sources */,
				361CA77C19FB0A1D00023169 /* Frameworks */,
				361CA77D19FB0A1D00023169 /* Resources */,
			);
			buildRules = (
			);
			dependencies = (
				361CA78119FB0A1D00023169 /* PBXTargetDependency */,
			);
			name = HelloSwiftTests;
			productName = HelloSwiftTests;
			productReference = 361CA77F19FB0A1D00023169 /* HelloSwiftTests.xctest */;
			productType = "com.apple.product-type.bundle.unit-test";
		};
/* End PBXNativeTarget section */

/* Begin PBXProject section */
		361CA76219FB0A1D00023169 /* Project object */ = {
			isa = PBXProject;
			attributes = {
				LastUpgradeCheck = 0610;
				ORGANIZATIONNAME = "Vinson Compestine";
				TargetAttributes = {
					361CA76919FB0A1D00023169 = {
						CreatedOnToolsVersion = 6.1;
					};
					361CA77E19FB0A1D00023169 = {
						CreatedOnToolsVersion = 6.1;
						TestTargetID = 361CA76919FB0A1D00023169;
					};
				};
			};
			buildConfigurationList = 361CA76519FB0A1D00023169 /* Build configuration list for PBXProject "HelloSwift" */;
			compatibilityVersion = "Xcode 3.2";
			developmentRegion = English;
			hasScannedForEncodings = 0;
			knownRegions = (
				en,
				Base,
			);
			mainGroup = 361CA76119FB0A1D00023169;
			productRefGroup = 361CA76B19FB0A1D00023169 /* Products */;
			projectDirPath = "";
			projectRoot = "";
			targets = (
				361CA76919FB0A1D00023169 /* HelloSwift */,
				361CA77E19FB0A1D00023169 /* HelloSwiftTests */,
			);
		};
/* End PBXProject section */

/* Begin PBXResourcesBuildPhase section */
		361CA76819FB0A1D00023169 /* Resources */ = {
			isa = PBXResourcesBuildPhase;
			buildActionMask = 2147483647;
			files = (
				361CA77519FB0A1D00023169 /* Main.storyboard in Resources */,
				361CA77A19FB0A1D00023169 /* LaunchScreen.xib in Resources */,
				361CA77719FB0A1D00023169 /* Images.xcassets in Resources */,
			);
			runOnlyForDeploymentPostprocessing = 0;
		};
		361CA77D19FB0A1D00023169 /* Resources */ = {
			isa = PBXResourcesBuildPhase;
			buildActionMask = 2147483647;
			files = (
			);
			runOnlyForDeploymentPostprocessing = 0;
		};
/* End PBXResourcesBuildPhase section */

/* Begin PBXSourcesBuildPhase section */
		361CA76619FB0A1D00023169 /* Sources */ = {
			isa = PBXSourcesBuildPhase;
			buildActionMask = 2147483647;
			files = (
				361CA77219FB0A1D00023169 /* ViewController.swift in Sources */,
				361CA77019FB0A1D00023169 /* AppDelegate.swift in Sources */,
			);
			runOnlyForDeploymentPostprocessing = 0;
		};
		361CA77B19FB0A1D00023169 /* Sources */ = {
			isa = PBXSourcesBuildPhase;
			buildActionMask = 2147483647;
			files = (
				361CA78619FB0A1D00023169 /* HelloSwiftTests.swift in Sources */,
			);
			runOnlyForDeploymentPostprocessing = 0;
		};
/* End PBXSourcesBuildPhase section */

/* Begin PBXTargetDependency section */
		361CA78119FB0A1D00023169 /* PBXTargetDependency */ = {
			isa = PBXTargetDependency;
			target = 361CA76919FB0A1D00023169 /* HelloSwift */;
			targetProxy = 361CA78019FB0A1D00023169 /* PBXContainerItemProxy */;
		};
/* End PBXTargetDependency section */

/* Begin PBXVariantGroup section */
		361CA77319FB0A1D00023169 /* Main.storyboard */ = {
			isa = PBXVariantGroup;
			children = (
				361CA77419FB0A1D00023169 /* Base */,
			);
			name = Main.storyboard;
			sourceTree = "<group>";
		};
		361CA77819FB0A1D00023169 /* LaunchScreen.xib */ = {
			isa = PBXVariantGroup;
			children = (
				361CA77919FB0A1D00023169 /* Base */,
			);
			name = LaunchScreen.xib;
			sourceTree = "<group>";
		};
/* End PBXVariantGroup section */

/* Begin XCBuildConfiguration section */
		361CA78719FB0A1D00023169 /* Debug */ = {
			isa = XCBuildConfiguration;
			buildSettings = {
				ALWAYS_SEARCH_USER_PATHS = NO;
				CLANG_CXX_LANGUAGE_STANDARD = "gnu++0x";
				CLANG_CXX_LIBRARY = "libc++";
				CLANG_ENABLE_MODULES = YES;
				CLANG_ENABLE_OBJC_ARC = YES;
				CLANG_WARN_BOOL_CONVERSION = YES;
				CLANG_WARN_CONSTANT_CONVERSION = YES;
				CLANG_WARN_DIRECT_OBJC_ISA_USAGE = YES_ERROR;
				CLANG_WARN_EMPTY_BODY = YES;
				CLANG_WARN_ENUM_CONVERSION = YES;
				CLANG_WARN_INT_CONVERSION = YES;
				CLANG_WARN_OBJC_ROOT_CLASS = YES_ERROR;
				CLANG_WARN_UNREACHABLE_CODE = YES;
				CLANG_WARN__DUPLICATE_METHOD_MATCH = YES;
				"CODE_SIGN_IDENTITY[sdk=iphoneos*]" = "iPhone Developer";
				COPY_PHASE_STRIP = NO;
				ENABLE_STRICT_OBJC_MSGSEND = YES;
				GCC_C_LANGUAGE_STANDARD = gnu99;
				GCC_DYNAMIC_NO_PIC = NO;
				GCC_OPTIMIZATION_LEVEL = 0;
				GCC_PREPROCESSOR_DEFINITIONS = (
					"DEBUG=1",
					"$(inherited)",
				);
				GCC_SYMBOLS_PRIVATE_EXTERN = NO;
				GCC_WARN_64_TO_32_BIT_CONVERSION = YES;
				GCC_WARN_ABOUT_RETURN_TYPE = YES_ERROR;
				GCC_WARN_UNDECLARED_SELECTOR = YES;
				GCC_WARN_UNINITIALIZED_AUTOS = YES_AGGRESSIVE;
				GCC_WARN_UNUSED_FUNCTION = YES;
				GCC_WARN_UNUSED_VARIABLE = YES;
				IPHONEOS_DEPLOYMENT_TARGET = 8.1;
				MTL_ENABLE_DEBUG_INFO = YES;
				ONLY_ACTIVE_ARCH = YES;
				SDKROOT = iphoneos;
				SWIFT_OPTIMIZATION_LEVEL = "-Onone";
				TARGETED_DEVICE_FAMILY = "1,2";
			};
			name = Debug;
		};
		361CA78819FB0A1D00023169 /* Release */ = {
			isa = XCBuildConfiguration;
			buildSettings = {
				ALWAYS_SEARCH_USER_PATHS = NO;
				CLANG_CXX_LANGUAGE_STANDARD = "gnu++0x";
				CLANG_CXX_LIBRARY = "libc++";
				CLANG_ENABLE_MODULES = YES;
				CLANG_ENABLE_OBJC_ARC = YES;
				CLANG_WARN_BOOL_CONVERSION = YES;
				CLANG_WARN_CONSTANT_CONVERSION = YES;
				CLANG_WARN_DIRECT_OBJC_ISA_USAGE = YES_ERROR;
				CLANG_WARN_EMPTY_BODY = YES;
				CLANG_WARN_ENUM_CONVERSION = YES;
				CLANG_WARN_INT_CONVERSION = YES;
				CLANG_WARN_OBJC_ROOT_CLASS = YES_ERROR;
				CLANG_WARN_UNREACHABLE_CODE = YES;
				CLANG_WARN__DUPLICATE_METHOD_MATCH = YES;
				"CODE_SIGN_IDENTITY[sdk=iphoneos*]" = "iPhone Developer";
				COPY_PHASE_STRIP = YES;
				ENABLE_NS_ASSERTIONS = NO;
				ENABLE_STRICT_OBJC_MSGSEND = YES;
				GCC_C_LANGUAGE_STANDARD = gnu99;
				GCC_WARN_64_TO_32_BIT_CONVERSION = YES;
				GCC_WARN_ABOUT_RETURN_TYPE = YES_ERROR;
				GCC_WARN_UNDECLARED_SELECTOR = YES;
				GCC_WARN_UNINITIALIZED_AUTOS = YES_AGGRESSIVE;
				GCC_WARN_UNUSED_FUNCTION = YES;
				GCC_WARN_UNUSED_VARIABLE = YES;
				IPHONEOS_DEPLOYMENT_TARGET = 8.1;
				MTL_ENABLE_DEBUG_INFO = NO;
				SDKROOT = iphoneos;
				TARGETED_DEVICE_FAMILY = "1,2";
				VALIDATE_PRODUCT = YES;
			};
			name = Release;
		};
		361CA78A19FB0A1D00023169 /* Debug */ = {
			isa = XCBuildConfiguration;
			buildSettings = {
				ASSETCATALOG_COMPILER_APPICON_NAME = AppIcon;
				INFOPLIST_FILE = HelloSwift/Info.plist;
				LD_RUNPATH_SEARCH_PATHS = "$(inherited) @executable_path/Frameworks";
				PRODUCT_NAME = "$(TARGET_NAME)";
			};
			name = Debug;
		};
		361CA78B19FB0A1D00023169 /* Release */ = {
			isa = XCBuildConfiguration;
			buildSettings = {
				ASSETCATALOG_COMPILER_APPICON_NAME = AppIcon;
				INFOPLIST_FILE = HelloSwift/Info.plist;
				LD_RUNPATH_SEARCH_PATHS = "$(inherited) @executable_path/Frameworks";
				PRODUCT_NAME = "$(TARGET_NAME)";
			};
			name = Release;
		};
		361CA78D19FB0A1D00023169 /* Debug */ = {
			isa = XCBuildConfiguration;
			buildSettings = {
				BUNDLE_LOADER = "$(TEST_HOST)";
				FRAMEWORK_SEARCH_PATHS = (
					"$(SDKROOT)/Developer/Library/Frameworks",
					"$(inherited)",
				);
				GCC_PREPROCESSOR_DEFINITIONS = (
					"DEBUG=1",
					"$(inherited)",
				);
				INFOPLIST_FILE = HelloSwiftTests/Info.plist;
				LD_RUNPATH_SEARCH_PATHS = "$(inherited) @executable_path/Frameworks @loader_path/Frameworks";
				PRODUCT_NAME = "$(TARGET_NAME)";
				TEST_HOST = "$(BUILT_PRODUCTS_DIR)/HelloSwift.app/HelloSwift";
			};
			name = Debug;
		};
		361CA78E19FB0A1D00023169 /* Release */ = {
			isa = XCBuildConfiguration;
			buildSettings = {
				BUNDLE_LOADER = "$(TEST_HOST)";
				FRAMEWORK_SEARCH_PATHS = (
					"$(SDKROOT)/Developer/Library/Frameworks",
					"$(inherited)",
				);
				INFOPLIST_FILE = HelloSwiftTests/Info.plist;
				LD_RUNPATH_SEARCH_PATHS = "$(inherited) @executable_path/Frameworks @loader_path/Frameworks";
				PRODUCT_NAME = "$(TARGET_NAME)";
				TEST_HOST = "$(BUILT_PRODUCTS_DIR)/HelloSwift.app/HelloSwift";
			};
			name = Release;
		};
/* End XCBuildConfiguration section */

/* Begin XCConfigurationList section */
		361CA76519FB0A1D00023169 /* Build configuration list for PBXProject "HelloSwift" */ = {
			isa = XCConfigurationList;
			buildConfigurations = (
				361CA78719FB0A1D00023169 /* Debug */,
				361CA78819FB0A1D00023169 /* Release */,
			);
			defaultConfigurationIsVisible = 0;
			defaultConfigurationName = Release;
		};
		361CA78919FB0A1D00023169 /* Build configuration list for PBXNativeTarget "HelloSwift" */ = {
			isa = XCConfigurationList;
			buildConfigurations = (
				361CA78A19FB0A1D00023169 /* Debug */,
				361CA78B19FB0A1D00023169 /* Release */,
			);
			defaultConfigurationIsVisible = 0;
		};
		361CA78C19FB0A1D00023169 /* Build configuration list for PBXNativeTarget "HelloSwiftTests" */ = {
			isa = XCConfigurationList;
			buildConfigurations = (
				361CA78D19FB0A1D00023169 /* Debug */,
				361CA78E19FB0A1D00023169 /* Release */,
			);
			defaultConfigurationIsVisible = 0;
		};
/* End XCConfigurationList section */
	};
	rootObject = 361CA76219FB0A1D00023169 /* Project object */;
}
